
Microsoft Visual Studio Solution File, Format Version 12.00
# Visual Studio Version 16
VisualStudioVersion = 16.0.30225.117
MinimumVisualStudioVersion = 10.0.40219.1
Project("{FAE04EC0-301F-11D3-BF4B-00C04F79EFBC}") = "Test", "Test\Test.csproj", "{3A18F786-17E4-47B8-870F-06A5E937481D}"
EndProject
Global
	GlobalSection(SolutionConfigurationPlatforms) = preSolution
		Debug|Any CPU = Debug|Any CPU
		Release|Any CPU = Release|Any CPU
	EndGlobalSection
	GlobalSection(ProjectConfigurationPlatforms) = postSolution
		{3A18F786-17E4-47B8-870F-06A5E937481D}.Debug|Any CPU.ActiveCfg = Debug|Any CPU
		{3A18F786-17E4-47B8-870F-06A5E937481D}.Debug|Any CPU.Build.0 = Debug|Any CPU
		{3A18F786-17E4-47B8-870F-06A5E937481D}.Release|Any CPU.ActiveCfg = Release|Any CPU
		{3A18F786-17E4-47B8-870F-06A5E937481D}.Release|Any CPU.Build.0 = Release|Any CPU
	EndGlobalSection
	GlobalSection(SolutionProperties) = preSolution
		HideSolutionNode = FALSE
	EndGlobalSection
	GlobalSection(ExtensibilityGlobals) = postSolution
		SolutionGuid = {C0A1DEF1-CF4F-4FD3-BC7E-247382A9AFA0}
	EndGlobalSection
EndGlobal
